
Microsoft Visual Studio Solution File, Format Version 12.00
# Visual Studio Version 17
VisualStudioVersion = 17.4.33205.214
MinimumVisualStudioVersion = 10.0.40219.1
Project("{9A19103F-16F7-4668-BE54-9A1E7A4F7556}") = "PaymentSystemDemo", "PaymentSystemDemo\PaymentSystemDemo.csproj", "{5A80C682-4665-4C0E-9653-69B9ADC44406}"
EndProject
Global
	GlobalSection(SolutionConfigurationPlatforms) = preSolution
		Debug|Any CPU = Debug|Any CPU
		Release|Any CPU = Release|Any CPU
	EndGlobalSection
	GlobalSection(ProjectConfigurationPlatforms) = postSolution
		{5A80C682-4665-4C0E-9653-69B9ADC44406}.Debug|Any CPU.ActiveCfg = Debug|Any CPU
		{5A80C682-4665-4C0E-9653-69B9ADC44406}.Debug|Any CPU.Build.0 = Debug|Any CPU
		{5A80C682-4665-4C0E-9653-69B9ADC44406}.Release|Any CPU.ActiveCfg = Release|Any CPU
		{5A80C682-4665-4C0E-9653-69B9ADC44406}.Release|Any CPU.Build.0 = Release|Any CPU
	EndGlobalSection
	GlobalSection(SolutionProperties) = preSolution
		HideSolutionNode = FALSE
	EndGlobalSection
	GlobalSection(ExtensibilityGlobals) = postSolution
		SolutionGuid = {47C49EAD-0481-4B46-A2A1-78ED027BFB6E}
	EndGlobalSection
EndGlobal
